
Microsoft Visual Studio Solution File, Format Version 12.00
# Visual Studio Version 17
VisualStudioVersion = 17.1.32328.378
MinimumVisualStudioVersion = 10.0.40219.1
Project("{9A19103F-16F7-4668-BE54-9A1E7A4F7556}") = "Data", "Data\Data.csproj", "{EEE4B910-8C94-485C-9966-A0C93B84E2E6}"
EndProject
Project("{9A19103F-16F7-4668-BE54-9A1E7A4F7556}") = "Logic", "Logic\Logic.csproj", "{18FA53FB-8C87-446F-8BC6-75B76BCA7DE4}"
EndProject
Project("{2150E333-8FDC-42A3-9474-1A3956D46DE8}") = "Presentation", "Presentation", "{F96B81F5-4C98-4C82-93A4-C987F1C3A979}"
EndProject
Project("{9A19103F-16F7-4668-BE54-9A1E7A4F7556}") = "Model", "Model\Model.csproj", "{165CD733-3D16-4AC2-A1FF-C120B6A7D86D}"
EndProject
Project("{9A19103F-16F7-4668-BE54-9A1E7A4F7556}") = "ViewModel", "ViewModel\ViewModel.csproj", "{6C7E8DB2-1F18-4FC9-8CCA-29D5865AC4B9}"
EndProject
Project("{9A19103F-16F7-4668-BE54-9A1E7A4F7556}") = "View", "View\View.csproj", "{266B640E-B220-4522-9D24-0806AE4B45A4}"
EndProject
Project("{9A19103F-16F7-4668-BE54-9A1E7A4F7556}") = "LogicTests", "LogicTests\LogicTests.csproj", "{E4CFFC14-F1FD-4F59-AD49-CD55D5ABC4A9}"
EndProject
Project("{FAE04EC0-301F-11D3-BF4B-00C04F79EFBC}") = "DataTests", "DataTests\DataTests.csproj", "{62E8BBD8-7C56-4037-AD78-DCE164E44F49}"
EndProject
Global
	GlobalSection(SolutionConfigurationPlatforms) = preSolution
		Debug|Any CPU = Debug|Any CPU
		Release|Any CPU = Release|Any CPU
	EndGlobalSection
	GlobalSection(ProjectConfigurationPlatforms) = postSolution
		{EEE4B910-8C94-485C-9966-A0C93B84E2E6}.Debug|Any CPU.ActiveCfg = Debug|Any CPU
		{EEE4B910-8C94-485C-9966-A0C93B84E2E6}.Debug|Any CPU.Build.0 = Debug|Any CPU
		{EEE4B910-8C94-485C-9966-A0C93B84E2E6}.Release|Any CPU.ActiveCfg = Release|Any CPU
		{EEE4B910-8C94-485C-9966-A0C93B84E2E6}.Release|Any CPU.Build.0 = Release|Any CPU
		{18FA53FB-8C87-446F-8BC6-75B76BCA7DE4}.Debug|Any CPU.ActiveCfg = Debug|Any CPU
		{18FA53FB-8C87-446F-8BC6-75B76BCA7DE4}.Debug|Any CPU.Build.0 = Debug|Any CPU
		{18FA53FB-8C87-446F-8BC6-75B76BCA7DE4}.Release|Any CPU.ActiveCfg = Release|Any CPU
		{18FA53FB-8C87-446F-8BC6-75B76BCA7DE4}.Release|Any CPU.Build.0 = Release|Any CPU
		{165CD733-3D16-4AC2-A1FF-C120B6A7D86D}.Debug|Any CPU.ActiveCfg = Debug|Any CPU
		{165CD733-3D16-4AC2-A1FF-C120B6A7D86D}.Debug|Any CPU.Build.0 = Debug|Any CPU
		{165CD733-3D16-4AC2-A1FF-C120B6A7D86D}.Release|Any CPU.ActiveCfg = Release|Any CPU
		{165CD733-3D16-4AC2-A1FF-C120B6A7D86D}.Release|Any CPU.Build.0 = Release|Any CPU
		{6C7E8DB2-1F18-4FC9-8CCA-29D5865AC4B9}.Debug|Any CPU.ActiveCfg = Debug|Any CPU
		{6C7E8DB2-1F18-4FC9-8CCA-29D5865AC4B9}.Debug|Any CPU.Build.0 = Debug|Any CPU
		{6C7E8DB2-1F18-4FC9-8CCA-29D5865AC4B9}.Release|Any CPU.ActiveCfg = Release|Any CPU
		{6C7E8DB2-1F18-4FC9-8CCA-29D5865AC4B9}.Release|Any CPU.Build.0 = Release|Any CPU
		{266B640E-B220-4522-9D24-0806AE4B45A4}.Debug|Any CPU.ActiveCfg = Debug|Any CPU
		{266B640E-B220-4522-9D24-0806AE4B45A4}.Debug|Any CPU.Build.0 = Debug|Any CPU
		{266B640E-B220-4522-9D24-0806AE4B45A4}.Release|Any CPU.ActiveCfg = Release|Any CPU
		{266B640E-B220-4522-9D24-0806AE4B45A4}.Release|Any CPU.Build.0 = Release|Any CPU
		{E4CFFC14-F1FD-4F59-AD49-CD55D5ABC4A9}.Debug|Any CPU.ActiveCfg = Debug|Any CPU
		{E4CFFC14-F1FD-4F59-AD49-CD55D5ABC4A9}.Debug|Any CPU.Build.0 = Debug|Any CPU
		{E4CFFC14-F1FD-4F59-AD49-CD55D5ABC4A9}.Release|Any CPU.ActiveCfg = Release|Any CPU
		{E4CFFC14-F1FD-4F59-AD49-CD55D5ABC4A9}.Release|Any CPU.Build.0 = Release|Any CPU
		{62E8BBD8-7C56-4037-AD78-DCE164E44F49}.Debug|Any CPU.ActiveCfg = Debug|Any CPU
		{62E8BBD8-7C56-4037-AD78-DCE164E44F49}.Debug|Any CPU.Build.0 = Debug|Any CPU
		{62E8BBD8-7C56-4037-AD78-DCE164E44F49}.Release|Any CPU.ActiveCfg = Release|Any CPU
		{62E8BBD8-7C56-4037-AD78-DCE164E44F49}.Release|Any CPU.Build.0 = Release|Any CPU
	EndGlobalSection
	GlobalSection(SolutionProperties) = preSolution
		HideSolutionNode = FALSE
	EndGlobalSection
	GlobalSection(NestedProjects) = preSolution
		{165CD733-3D16-4AC2-A1FF-C120B6A7D86D} = {F96B81F5-4C98-4C82-93A4-C987F1C3A979}
		{6C7E8DB2-1F18-4FC9-8CCA-29D5865AC4B9} = {F96B81F5-4C98-4C82-93A4-C987F1C3A979}
		{266B640E-B220-4522-9D24-0806AE4B45A4} = {F96B81F5-4C98-4C82-93A4-C987F1C3A979}
	EndGlobalSection
	GlobalSection(ExtensibilityGlobals) = postSolution
		SolutionGuid = {21E84DDC-4478-407C-AE2A-1CB7388203D1}
	EndGlobalSection
EndGlobal
