
Microsoft Visual Studio Solution File, Format Version 12.00
# Visual Studio Version 17
VisualStudioVersion = 17.1.32319.34
MinimumVisualStudioVersion = 10.0.40219.1
Project("{9A19103F-16F7-4668-BE54-9A1E7A4F7556}") = "View", "View\View.csproj", "{058FF669-7909-4687-9317-84FF9F22DC1A}"
EndProject
Project("{2150E333-8FDC-42A3-9474-1A3956D46DE8}") = "Presentation", "Presentation", "{E06A7284-561E-4905-A488-770248CBFB54}"
EndProject
Project("{9A19103F-16F7-4668-BE54-9A1E7A4F7556}") = "Logic", "Logic\Logic.csproj", "{F5EC3294-5797-4187-9F0C-B85F9D32C3C9}"
	ProjectSection(ProjectDependencies) = postProject
		{FFCF8FF9-FF47-4B1A-8AD9-CB5495F30246} = {FFCF8FF9-FF47-4B1A-8AD9-CB5495F30246}
	EndProjectSection
EndProject
Project("{9A19103F-16F7-4668-BE54-9A1E7A4F7556}") = "Data", "Data\Data.csproj", "{FFCF8FF9-FF47-4B1A-8AD9-CB5495F30246}"
EndProject
Project("{9A19103F-16F7-4668-BE54-9A1E7A4F7556}") = "Model", "Model\Model.csproj", "{3778C62D-E3CF-4FA9-813A-BEE40DDF4631}"
	ProjectSection(ProjectDependencies) = postProject
		{F5EC3294-5797-4187-9F0C-B85F9D32C3C9} = {F5EC3294-5797-4187-9F0C-B85F9D32C3C9}
	EndProjectSection
EndProject
Project("{9A19103F-16F7-4668-BE54-9A1E7A4F7556}") = "ViewModel", "ViewModel\ViewModel.csproj", "{F0796178-00B4-4613-A212-7218A25EB0CC}"
	ProjectSection(ProjectDependencies) = postProject
		{3778C62D-E3CF-4FA9-813A-BEE40DDF4631} = {3778C62D-E3CF-4FA9-813A-BEE40DDF4631}
		{F5EC3294-5797-4187-9F0C-B85F9D32C3C9} = {F5EC3294-5797-4187-9F0C-B85F9D32C3C9}
	EndProjectSection
EndProject
Project("{FAE04EC0-301F-11D3-BF4B-00C04F79EFBC}") = "Tests", "Tests\Tests.csproj", "{D004D9CF-2788-4F07-9747-6A6917DE6780}"
EndProject
Global
	GlobalSection(SolutionConfigurationPlatforms) = preSolution
		Debug|Any CPU = Debug|Any CPU
		Release|Any CPU = Release|Any CPU
	EndGlobalSection
	GlobalSection(ProjectConfigurationPlatforms) = postSolution
		{058FF669-7909-4687-9317-84FF9F22DC1A}.Debug|Any CPU.ActiveCfg = Debug|Any CPU
		{058FF669-7909-4687-9317-84FF9F22DC1A}.Debug|Any CPU.Build.0 = Debug|Any CPU
		{058FF669-7909-4687-9317-84FF9F22DC1A}.Release|Any CPU.ActiveCfg = Release|Any CPU
		{058FF669-7909-4687-9317-84FF9F22DC1A}.Release|Any CPU.Build.0 = Release|Any CPU
		{F5EC3294-5797-4187-9F0C-B85F9D32C3C9}.Debug|Any CPU.ActiveCfg = Debug|Any CPU
		{F5EC3294-5797-4187-9F0C-B85F9D32C3C9}.Debug|Any CPU.Build.0 = Debug|Any CPU
		{F5EC3294-5797-4187-9F0C-B85F9D32C3C9}.Release|Any CPU.ActiveCfg = Release|Any CPU
		{F5EC3294-5797-4187-9F0C-B85F9D32C3C9}.Release|Any CPU.Build.0 = Release|Any CPU
		{FFCF8FF9-FF47-4B1A-8AD9-CB5495F30246}.Debug|Any CPU.ActiveCfg = Debug|Any CPU
		{FFCF8FF9-FF47-4B1A-8AD9-CB5495F30246}.Debug|Any CPU.Build.0 = Debug|Any CPU
		{FFCF8FF9-FF47-4B1A-8AD9-CB5495F30246}.Release|Any CPU.ActiveCfg = Release|Any CPU
		{FFCF8FF9-FF47-4B1A-8AD9-CB5495F30246}.Release|Any CPU.Build.0 = Release|Any CPU
		{3778C62D-E3CF-4FA9-813A-BEE40DDF4631}.Debug|Any CPU.ActiveCfg = Debug|Any CPU
		{3778C62D-E3CF-4FA9-813A-BEE40DDF4631}.Debug|Any CPU.Build.0 = Debug|Any CPU
		{3778C62D-E3CF-4FA9-813A-BEE40DDF4631}.Release|Any CPU.ActiveCfg = Release|Any CPU
		{3778C62D-E3CF-4FA9-813A-BEE40DDF4631}.Release|Any CPU.Build.0 = Release|Any CPU
		{F0796178-00B4-4613-A212-7218A25EB0CC}.Debug|Any CPU.ActiveCfg = Debug|Any CPU
		{F0796178-00B4-4613-A212-7218A25EB0CC}.Debug|Any CPU.Build.0 = Debug|Any CPU
		{F0796178-00B4-4613-A212-7218A25EB0CC}.Release|Any CPU.ActiveCfg = Release|Any CPU
		{F0796178-00B4-4613-A212-7218A25EB0CC}.Release|Any CPU.Build.0 = Release|Any CPU
		{D004D9CF-2788-4F07-9747-6A6917DE6780}.Debug|Any CPU.ActiveCfg = Debug|Any CPU
		{D004D9CF-2788-4F07-9747-6A6917DE6780}.Debug|Any CPU.Build.0 = Debug|Any CPU
		{D004D9CF-2788-4F07-9747-6A6917DE6780}.Release|Any CPU.ActiveCfg = Release|Any CPU
		{D004D9CF-2788-4F07-9747-6A6917DE6780}.Release|Any CPU.Build.0 = Release|Any CPU
	EndGlobalSection
	GlobalSection(SolutionProperties) = preSolution
		HideSolutionNode = FALSE
	EndGlobalSection
	GlobalSection(NestedProjects) = preSolution
		{058FF669-7909-4687-9317-84FF9F22DC1A} = {E06A7284-561E-4905-A488-770248CBFB54}
		{3778C62D-E3CF-4FA9-813A-BEE40DDF4631} = {E06A7284-561E-4905-A488-770248CBFB54}
		{F0796178-00B4-4613-A212-7218A25EB0CC} = {E06A7284-561E-4905-A488-770248CBFB54}
	EndGlobalSection
	GlobalSection(ExtensibilityGlobals) = postSolution
		SolutionGuid = {90044E9A-AECA-493C-B68D-BCF1774BF5B1}
	EndGlobalSection
EndGlobal
