
Microsoft Visual Studio Solution File, Format Version 12.00
# Visual Studio Version 17
VisualStudioVersion = 17.1.32319.34
MinimumVisualStudioVersion = 10.0.40219.1
Project("{FAE04EC0-301F-11D3-BF4B-00C04F79EFBC}") = "zadanie0", "zadanie0\zadanie0.csproj", "{35DCC160-B529-45F1-A668-7E88BC7734B1}"
EndProject
Project("{FAE04EC0-301F-11D3-BF4B-00C04F79EFBC}") = "Task0Tests", "Task0Tests\Task0Tests.csproj", "{89672188-DB6A-40C5-95E1-A6F4F8FDC4D2}"
EndProject
Global
	GlobalSection(SolutionConfigurationPlatforms) = preSolution
		Debug|Any CPU = Debug|Any CPU
		Release|Any CPU = Release|Any CPU
	EndGlobalSection
	GlobalSection(ProjectConfigurationPlatforms) = postSolution
		{35DCC160-B529-45F1-A668-7E88BC7734B1}.Debug|Any CPU.ActiveCfg = Debug|Any CPU
		{35DCC160-B529-45F1-A668-7E88BC7734B1}.Debug|Any CPU.Build.0 = Debug|Any CPU
		{35DCC160-B529-45F1-A668-7E88BC7734B1}.Release|Any CPU.ActiveCfg = Release|Any CPU
		{35DCC160-B529-45F1-A668-7E88BC7734B1}.Release|Any CPU.Build.0 = Release|Any CPU
		{89672188-DB6A-40C5-95E1-A6F4F8FDC4D2}.Debug|Any CPU.ActiveCfg = Debug|Any CPU
		{89672188-DB6A-40C5-95E1-A6F4F8FDC4D2}.Debug|Any CPU.Build.0 = Debug|Any CPU
		{89672188-DB6A-40C5-95E1-A6F4F8FDC4D2}.Release|Any CPU.ActiveCfg = Release|Any CPU
		{89672188-DB6A-40C5-95E1-A6F4F8FDC4D2}.Release|Any CPU.Build.0 = Release|Any CPU
	EndGlobalSection
	GlobalSection(SolutionProperties) = preSolution
		HideSolutionNode = FALSE
	EndGlobalSection
	GlobalSection(ExtensibilityGlobals) = postSolution
		SolutionGuid = {D8647556-FDBF-4F98-AC6D-CF07D6164985}
	EndGlobalSection
EndGlobal
